
Microsoft Visual Studio Solution File, Format Version 12.00
# Visual Studio Version 16
VisualStudioVersion = 16.0.30907.101
MinimumVisualStudioVersion = 10.0.40219.1
Project("{FAE04EC0-301F-11D3-BF4B-00C04F79EFBC}") = "RecipeApp", "RecipeApp\RecipeApp.csproj", "{064FCD0A-B800-4F82-8A14-92C18EFEA945}"
EndProject
Global
	GlobalSection(SolutionConfigurationPlatforms) = preSolution
		Debug|Any CPU = Debug|Any CPU
		Release|Any CPU = Release|Any CPU
	EndGlobalSection
	GlobalSection(ProjectConfigurationPlatforms) = postSolution
		{064FCD0A-B800-4F82-8A14-92C18EFEA945}.Debug|Any CPU.ActiveCfg = Debug|Any CPU
		{064FCD0A-B800-4F82-8A14-92C18EFEA945}.Debug|Any CPU.Build.0 = Debug|Any CPU
		{064FCD0A-B800-4F82-8A14-92C18EFEA945}.Release|Any CPU.ActiveCfg = Release|Any CPU
		{064FCD0A-B800-4F82-8A14-92C18EFEA945}.Release|Any CPU.Build.0 = Release|Any CPU
	EndGlobalSection
	GlobalSection(SolutionProperties) = preSolution
		HideSolutionNode = FALSE
	EndGlobalSection
	GlobalSection(ExtensibilityGlobals) = postSolution
		SolutionGuid = {BA00E270-2CA5-45B6-9A5E-C71C3B49ECAC}
	EndGlobalSection
EndGlobal
